{
  "name": "tanks",
  "version": "1.0.0",
  "lockfileVersion": 1,
  "requires": true,
  "dependencies": {
    "assets": {
      "version": "3.0.0",
      "resolved": "https://registry.npmjs.org/assets/-/assets-3.0.0.tgz",
      "integrity": "sha1-CJmwMMdnAb+bSgFaDaLtGOzB2DM=",
      "requires": {
        "async": "2.6.1",
        "bluebird": "3.5.1",
        "calipers": "2.0.0",
        "calipers-gif": "2.0.0",
        "calipers-jpeg": "2.0.0",
        "calipers-png": "2.0.0",
        "calipers-svg": "2.0.0",
        "calipers-webp": "2.0.0",
        "glob": "7.1.2",
        "lodash": "4.17.10",
        "mime": "1.6.0"
      }
    },
    "async": {
      "version": "2.6.1",
      "resolved": "https://registry.npmjs.org/async/-/async-2.6.1.tgz",
      "integrity": "sha512-fNEiL2+AZt6AlAw/29Cr0UDe4sRAHCpEHh54WMz+Bb7QfNcFw4h3loofyJpLeQs4Yx7yuqu/2dLgM5hKOs6HlQ==",
      "requires": {
        "lodash": "4.17.10"
      }
    },
    "balanced-match": {
      "version": "1.0.0",
      "resolved": "https://registry.npmjs.org/balanced-match/-/balanced-match-1.0.0.tgz",
      "integrity": "sha1-ibTRmasr7kneFk6gK4nORi1xt2c="
    },
    "bluebird": {
      "version": "3.5.1",
      "resolved": "https://registry.npmjs.org/bluebird/-/bluebird-3.5.1.tgz",
      "integrity": "sha512-MKiLiV+I1AA596t9w1sQJ8jkiSr5+ZKi0WKrYGUn6d1Fx+Ij4tIj+m2WMQSGczs5jZVxV339chE8iwk6F64wjA=="
    },
    "brace-expansion": {
      "version": "1.1.11",
      "resolved": "https://registry.npmjs.org/brace-expansion/-/brace-expansion-1.1.11.tgz",
      "integrity": "sha512-iCuPHDFgrHX7H2vEI/5xpz07zSHB00TpugqhmYtVmMO6518mCuRMoOYFldEBl0g187ufozdaHgWKcYFb61qGiA==",
      "requires": {
        "balanced-match": "1.0.0",
        "concat-map": "0.0.1"
      }
    },
    "calipers": {
      "version": "2.0.0",
      "resolved": "https://registry.npmjs.org/calipers/-/calipers-2.0.0.tgz",
      "integrity": "sha1-vfIhxqYvYDuN3ZNAys2cecGgP84=",
      "requires": {
        "bluebird": "3.5.1"
      }
    },
    "calipers-gif": {
      "version": "2.0.0",
      "resolved": "https://registry.npmjs.org/calipers-gif/-/calipers-gif-2.0.0.tgz",
      "integrity": "sha1-te7+wwZKd8bc29W9xRc1oBuv3Dc=",
      "requires": {
        "bluebird": "3.5.1"
      }
    },
    "calipers-jpeg": {
      "version": "2.0.0",
      "resolved": "https://registry.npmjs.org/calipers-jpeg/-/calipers-jpeg-2.0.0.tgz",
      "integrity": "sha1-BtVqU/YnF92AnLlWz2RCPOaTRls=",
      "requires": {
        "bluebird": "3.5.1"
      }
    },
    "calipers-png": {
      "version": "2.0.0",
      "resolved": "https://registry.npmjs.org/calipers-png/-/calipers-png-2.0.0.tgz",
      "integrity": "sha1-HQ0g5cGuX3m3TVKGoul/Wbtwtlg=",
      "requires": {
        "bluebird": "3.5.1"
      }
    },
    "calipers-svg": {
      "version": "2.0.0",
      "resolved": "https://registry.npmjs.org/calipers-svg/-/calipers-svg-2.0.0.tgz",
      "integrity": "sha1-ZmJU1fHqZtIFLtgtbXm4vxCsu3E=",
      "requires": {
        "bluebird": "3.5.1"
      }
    },
    "calipers-webp": {
      "version": "2.0.0",
      "resolved": "https://registry.npmjs.org/calipers-webp/-/calipers-webp-2.0.0.tgz",
      "integrity": "sha1-4Sbs4vhM1xd5YSv6KyZTzZXOp3o=",
      "requires": {
        "bluebird": "3.5.1"
      }
    },
    "concat-map": {
      "version": "0.0.1",
      "resolved": "https://registry.npmjs.org/concat-map/-/concat-map-0.0.1.tgz",
      "integrity": "sha1-2Klr13/Wjfd5OnMDajug1UBdR3s="
    },
    "fs.realpath": {
      "version": "1.0.0",
      "resolved": "https://registry.npmjs.org/fs.realpath/-/fs.realpath-1.0.0.tgz",
      "integrity": "sha1-FQStJSMVjKpA20onh8sBQRmU6k8="
    },
    "glob": {
      "version": "7.1.2",
      "resolved": "https://registry.npmjs.org/glob/-/glob-7.1.2.tgz",
      "integrity": "sha512-MJTUg1kjuLeQCJ+ccE4Vpa6kKVXkPYJ2mOCQyUuKLcLQsdrMCpBPUi8qVE6+YuaJkozeA9NusTAw3hLr8Xe5EQ==",
      "requires": {
        "fs.realpath": "1.0.0",
        "inflight": "1.0.6",
        "inherits": "2.0.3",
        "minimatch": "3.0.4",
        "once": "1.4.0",
        "path-is-absolute": "1.0.1"
      }
    },
    "inflight": {
      "version": "1.0.6",
      "resolved": "https://registry.npmjs.org/inflight/-/inflight-1.0.6.tgz",
      "integrity": "sha1-Sb1jMdfQLQwJvJEKEHW6gWW1bfk=",
      "requires": {
        "once": "1.4.0",
        "wrappy": "1.0.2"
      }
    },
    "inherits": {
      "version": "2.0.3",
      "resolved": "https://registry.npmjs.org/inherits/-/inherits-2.0.3.tgz",
      "integrity": "sha1-Yzwsg+PaQqUC9SRmAiSA9CCCYd4="
    },
    "lodash": {
      "version": "4.17.10",
      "resolved": "https://registry.npmjs.org/lodash/-/lodash-4.17.10.tgz",
      "integrity": "sha512-UejweD1pDoXu+AD825lWwp4ZGtSwgnpZxb3JDViD7StjQz+Nb/6l093lx4OQ0foGWNRoc19mWy7BzL+UAK2iVg=="
    },
    "mime": {
      "version": "1.6.0",
      "resolved": "https://registry.npmjs.org/mime/-/mime-1.6.0.tgz",
      "integrity": "sha512-x0Vn8spI+wuJ1O6S7gnbaQg8Pxh4NNHb7KSINmEWKiPE4RKOplvijn+NkmYmmRgP68mc70j2EbeTFRsrswaQeg=="
    },
    "minimatch": {
      "version": "3.0.4",
      "resolved": "https://registry.npmjs.org/minimatch/-/minimatch-3.0.4.tgz",
      "integrity": "sha512-yJHVQEhyqPLUTgt9B83PXu6W3rx4MvvHvSUvToogpwoGDOUQ+yDrR0HRot+yOCdCO7u4hX3pWft6kWBBcqh0UA==",
      "requires": {
        "brace-expansion": "1.1.11"
      }
    },
    "once": {
      "version": "1.4.0",
      "resolved": "https://registry.npmjs.org/once/-/once-1.4.0.tgz",
      "integrity": "sha1-WDsap3WWHUsROsF9nFC6753Xa9E=",
      "requires": {
        "wrappy": "1.0.2"
      }
    },
    "path-is-absolute": {
      "version": "1.0.1",
      "resolved": "https://registry.npmjs.org/path-is-absolute/-/path-is-absolute-1.0.1.tgz",
      "integrity": "sha1-F0uSaHNVNP+8es5r9TpanhtcX18="
    },
    "typescript": {
      "version": "2.8.3",
      "resolved": "https://registry.npmjs.org/typescript/-/typescript-2.8.3.tgz",
      "integrity": "sha512-K7g15Bb6Ra4lKf7Iq2l/I5/En+hLIHmxWZGq3D4DIRNFxMNV6j2SHSvDOqs2tGd4UvD/fJvrwopzQXjLrT7Itw==",
      "dev": true
    },
    "wrappy": {
      "version": "1.0.2",
      "resolved": "https://registry.npmjs.org/wrappy/-/wrappy-1.0.2.tgz",
      "integrity": "sha1-tSQ9jz7BqjXxNkYFvA0QNuMKtp8="
    }
  }
}
